{
  "lockfile_version": "1",
  "packages": {
    "github:NixOS/nixpkgs/nixpkgs-unstable": {
      "last_modified": "2025-04-13T09:22:33Z",
      "resolved": "github:NixOS/nixpkgs/18dd725c29603f582cf1900e0d25f9f1063dbf11?lastModified=1744536153&narHash=sha256-awS2zRgF4uTwrOKwwiJcByDzDOdo3Q1rPZbiHQg%2FN38%3D"
    },
    "gitleaks@8.28.0": {
      "last_modified": "2025-10-07T08:41:47Z",
      "resolved": "github:NixOS/nixpkgs/bce5fe2bb998488d8e7e7856315f90496723793c#gitleaks",
      "source": "devbox-search",
      "version": "8.28.0",
      "systems": {
        "aarch64-darwin": {
          "outputs": [
            {
              "name": "out",
              "path": "/nix/store/mwlclkb8nbxr8akmz98s8xqk70s3dhpn-gitleaks-8.28.0",
              "default": true
            }
          ],
          "store_path": "/nix/store/mwlclkb8nbxr8akmz98s8xqk70s3dhpn-gitleaks-8.28.0"
        },
        "aarch64-linux": {
          "outputs": [
            {
              "name": "out",
              "path": "/nix/store/ywwr4xwgy1mn5csndcdg0pki3jv2llxd-gitleaks-8.28.0",
              "default": true
            }
          ],
          "store_path": "/nix/store/ywwr4xwgy1mn5csndcdg0pki3jv2llxd-gitleaks-8.28.0"
        },
        "x86_64-darwin": {
          "outputs": [
            {
              "name": "out",
              "path": "/nix/store/fizvbs7swdx4x2ys5g2r7wwgiinpad85-gitleaks-8.28.0",
              "default": true
            }
          ],
          "store_path": "/nix/store/fizvbs7swdx4x2ys5g2r7wwgiinpad85-gitleaks-8.28.0"
        },
        "x86_64-linux": {
          "outputs": [
            {
              "name": "out",
              "path": "/nix/store/mg7726mwxqlg3idgg84djksxh3kyhgki-gitleaks-8.28.0",
              "default": true
            }
          ],
          "store_path": "/nix/store/mg7726mwxqlg3idgg84djksxh3kyhgki-gitleaks-8.28.0"
        }
      }
    },
    "go@1.25.0": {
      "last_modified": "2025-09-18T16:33:27Z",
      "resolved": "github:NixOS/nixpkgs/f4b140d5b253f5e2a1ff4e5506edbf8267724bde#go",
      "source": "devbox-search",
      "version": "1.25.0",
      "systems": {
        "aarch64-darwin": {
          "outputs": [
            {
              "name": "out",
              "path": "/nix/store/cr196bvbbai01r0w11p1inkzkdrqdx6y-go-1.25.0",
              "default": true
            }
          ],
          "store_path": "/nix/store/cr196bvbbai01r0w11p1inkzkdrqdx6y-go-1.25.0"
        },
        "aarch64-linux": {
          "outputs": [
            {
              "name": "out",
              "path": "/nix/store/yhcdwwikp86p2cpq0qr7di91ji63460s-go-1.25.0",
              "default": true
            }
          ],
          "store_path": "/nix/store/yhcdwwikp86p2cpq0qr7di91ji63460s-go-1.25.0"
        },
        "x86_64-darwin": {
          "outputs": [
            {
              "name": "out",
              "path": "/nix/store/hz7dfw13v8iff4vf6vbnqnlnd7wh7j5x-go-1.25.0",
              "default": true
            }
          ],
          "store_path": "/nix/store/hz7dfw13v8iff4vf6vbnqnlnd7wh7j5x-go-1.25.0"
        },
        "x86_64-linux": {
          "outputs": [
            {
              "name": "out",
              "path": "/nix/store/3fd683jfggglpshxprz9mi5sz8wd3c9p-go-1.25.0",
              "default": true
            }
          ],
          "store_path": "/nix/store/3fd683jfggglpshxprz9mi5sz8wd3c9p-go-1.25.0"
        }
      }
    },
    "hadolint@2.12.0": {
      "last_modified": "2025-09-18T16:33:27Z",
      "resolved": "github:NixOS/nixpkgs/f4b140d5b253f5e2a1ff4e5506edbf8267724bde#hadolint",
      "source": "devbox-search",
      "version": "2.12.0",
      "systems": {
        "aarch64-darwin": {
          "outputs": [
            {
              "name": "out",
              "path": "/nix/store/k17xx5cpg0iy4vrndd0hrvla9vajzwkj-hadolint-2.12.0",
              "default": true
            },
            {
              "name": "doc",
              "path": "/nix/store/xb64bdhry5hzfgc9g1grh7r1krlqh19i-hadolint-2.12.0-doc"
            }
          ],
          "store_path": "/nix/store/k17xx5cpg0iy4vrndd0hrvla9vajzwkj-hadolint-2.12.0"
        },
        "aarch64-linux": {
          "outputs": [
            {
              "name": "out",
              "path": "/nix/store/apghjax31m509sb2iwq24cqli2xl2x82-hadolint-2.12.0",
              "default": true
            }
          ],
          "store_path": "/nix/store/apghjax31m509sb2iwq24cqli2xl2x82-hadolint-2.12.0"
        },
        "x86_64-darwin": {
          "outputs": [
            {
              "name": "out",
              "path": "/nix/store/rfciwvxankz7px4kb7h5h5gr4sgc2n0j-hadolint-2.12.0",
              "default": true
            }
          ],
          "store_path": "/nix/store/rfciwvxankz7px4kb7h5h5gr4sgc2n0j-hadolint-2.12.0"
        },
        "x86_64-linux": {
          "outputs": [
            {
              "name": "out",
              "path": "/nix/store/4x0ax6lbrq9bq2n2hw4lbjhmbfv39kbp-hadolint-2.12.0",
              "default": true
            }
          ],
          "store_path": "/nix/store/4x0ax6lbrq9bq2n2hw4lbjhmbfv39kbp-hadolint-2.12.0"
        }
      }
    },
    "jq@1.8.1": {
      "last_modified": "2025-10-12T08:13:11Z",
      "resolved": "github:NixOS/nixpkgs/832e3b6db48508ae436c2c7bfc0cf914eac6938e#jq",
      "source": "devbox-search",
      "version": "1.8.1",
      "systems": {
        "aarch64-darwin": {
          "outputs": [
            {
              "name": "bin",
              "path": "/nix/store/cvw7i7807zffz5pn6sjncyp1wkwbgxzm-jq-1.8.1-bin",
              "default": true
            },
            {
              "name": "man",
              "path": "/nix/store/v97vjz6sgnah1i85s9vvjb2cxjah4vyd-jq-1.8.1-man",
              "default": true
            },
            {
              "name": "dev",
              "path": "/nix/store/bsi7cf9lk3i4zyv7s0i2hpgy4ifgqvdy-jq-1.8.1-dev"
            },
            {
              "name": "doc",
              "path": "/nix/store/jp8v5mjg55vxcjqzcc3g4csl5hdym0c8-jq-1.8.1-doc"
            },
            {
              "name": "out",
              "path": "/nix/store/j1wzyw1jrlg7kvbxrizvsn0s03zywgka-jq-1.8.1"
            }
          ],
          "store_path": "/nix/store/cvw7i7807zffz5pn6sjncyp1wkwbgxzm-jq-1.8.1-bin"
        },
        "aarch64-linux": {
          "outputs": [
            {
              "name": "bin",
              "path": "/nix/store/p9fcj9s7x82v83sdknjrg40jkl4rvn18-jq-1.8.1-bin",
              "default": true
            },
            {
              "name": "man",
              "path": "/nix/store/5asinq45hb2rdaqxsm35sxq568z19i7v-jq-1.8.1-man",
              "default": true
            },
            {
              "name": "dev",
              "path": "/nix/store/m49lxha1r6qyylhkbvkg53kky6bffqp1-jq-1.8.1-dev"
            },
            {
              "name": "doc",
              "path": "/nix/store/14yqvw1kq0mbsnjnza1malqxr40plzq2-jq-1.8.1-doc"
            },
            {
              "name": "out",
              "path": "/nix/store/hv5xwipvr0lyhgii8w532250a6zl29s6-jq-1.8.1"
            }
          ],
          "store_path": "/nix/store/p9fcj9s7x82v83sdknjrg40jkl4rvn18-jq-1.8.1-bin"
        },
        "x86_64-darwin": {
          "outputs": [
            {
              "name": "bin",
              "path": "/nix/store/5w2pssdswkc41rsvn5mklfs2v07nl609-jq-1.8.1-bin",
              "default": true
            },
            {
              "name": "man",
              "path": "/nix/store/xnafw5gzwy0aycpqc3vmldjm1p2qjqh0-jq-1.8.1-man",
              "default": true
            },
            {
              "name": "dev",
              "path": "/nix/store/ni5787yy9q4gqgrd5s20pl3kswb1m580-jq-1.8.1-dev"
            },
            {
              "name": "doc",
              "path": "/nix/store/wfxzfhazy5q9b5azir5kaxf6d8l1axir-jq-1.8.1-doc"
            },
            {
              "name": "out",
              "path": "/nix/store/cwyjwb25xy3kj2r873rm5g8rkd5l68r1-jq-1.8.1"
            }
          ],
          "store_path": "/nix/store/5w2pssdswkc41rsvn5mklfs2v07nl609-jq-1.8.1-bin"
        },
        "x86_64-linux": {
          "outputs": [
            {
              "name": "bin",
              "path": "/nix/store/6y8c4kikq5nka2qnza009j03bvkx2l5l-jq-1.8.1-bin",
              "default": true
            },
            {
              "name": "man",
              "path": "/nix/store/gkl03xki3msw3dylzji7gkiwnxmk3pdp-jq-1.8.1-man",
              "default": true
            },
            {
              "name": "dev",
              "path": "/nix/store/356jlk3akii9kwkb4hmh5xx2mkrb6nqi-jq-1.8.1-dev"
            },
            {
              "name": "doc",
              "path": "/nix/store/fm9ffa3r4l8i5gl24xj8cm0ggys8sz7j-jq-1.8.1-doc"
            },
            {
              "name": "out",
              "path": "/nix/store/brz9jqz43dpvb0ia8idhjlxpccplldpq-jq-1.8.1"
            }
          ],
          "store_path": "/nix/store/6y8c4kikq5nka2qnza009j03bvkx2l5l-jq-1.8.1-bin"
        }
      }
    },
    "just@1.42.4": {
      "last_modified": "2025-09-18T16:33:27Z",
      "resolved": "github:NixOS/nixpkgs/f4b140d5b253f5e2a1ff4e5506edbf8267724bde#just",
      "source": "devbox-search",
      "version": "1.42.4",
      "systems": {
        "aarch64-darwin": {
          "outputs": [
            {
              "name": "out",
              "path": "/nix/store/ybxppkvhr3k3ssqhbgccmha29dkgk8f7-just-1.42.4",
              "default": true
            },
            {
              "name": "man",
              "path": "/nix/store/ckppkxqp5ip8kaprwbr7x2d9a5qmrcwf-just-1.42.4-man",
              "default": true
            },
            {
              "name": "doc",
              "path": "/nix/store/8xavlkm9j3xx4qllzmy5f45fzv9xfb67-just-1.42.4-doc"
            }
          ],
          "store_path": "/nix/store/ybxppkvhr3k3ssqhbgccmha29dkgk8f7-just-1.42.4"
        },
        "aarch64-linux": {
          "outputs": [
            {
              "name": "out",
              "path": "/nix/store/czphzid3fs3bp8afmq1jhidz2cvrrnsd-just-1.42.4",
              "default": true
            },
            {
              "name": "man",
              "path": "/nix/store/7czcmnfirfmsh2qihr6far9jiq9a8542-just-1.42.4-man",
              "default": true
            },
            {
              "name": "doc",
              "path": "/nix/store/fwfx6fh2cai9rfkfps9swh9wq593n0aa-just-1.42.4-doc"
            }
          ],
          "store_path": "/nix/store/czphzid3fs3bp8afmq1jhidz2cvrrnsd-just-1.42.4"
        },
        "x86_64-darwin": {
          "outputs": [
            {
              "name": "out",
              "path": "/nix/store/ii2mcj182bl1y6h1qhz28rpidpi9wzhy-just-1.42.4",
              "default": true
            },
            {
              "name": "man",
              "path": "/nix/store/p2jp63pc1wdlb55j11frh1r9z4fvzsp5-just-1.42.4-man",
              "default": true
            },
            {
              "name": "doc",
              "path": "/nix/store/d97hjbj7hjawid5kslhyijkpaha4fq2l-just-1.42.4-doc"
            }
          ],
          "store_path": "/nix/store/ii2mcj182bl1y6h1qhz28rpidpi9wzhy-just-1.42.4"
        },
        "x86_64-linux": {
          "outputs": [
            {
              "name": "out",
              "path": "/nix/store/i5l66qbwry5skvwac6zxi81xq6qa3qwr-just-1.42.4",
              "default": true
            },
            {
              "name": "man",
              "path": "/nix/store/7qdcpikn194jivbgn84iizvr7cmpk0hb-just-1.42.4-man",
              "default": true
            },
            {
              "name": "doc",
              "path": "/nix/store/f3q8pxx7sl7nkw3p9c63j60nwvcn50rj-just-1.42.4-doc"
            }
          ],
          "store_path": "/nix/store/i5l66qbwry5skvwac6zxi81xq6qa3qwr-just-1.42.4"
        }
      }
    },
    "nodejs@22.14.0": {
      "last_modified": "2025-03-23T05:31:05Z",
      "plugin_version": "0.0.2",
      "resolved": "github:NixOS/nixpkgs/dd613136ee91f67e5dba3f3f41ac99ae89c5406b#nodejs_22",
      "source": "devbox-search",
      "version": "22.14.0",
      "systems": {
        "aarch64-darwin": {
          "outputs": [
            {
              "name": "out",
              "path": "/nix/store/i1v519j66jmvpqr5h382i9nanxwa5l6n-nodejs-22.14.0",
              "default": true
            },
            {
              "name": "libv8",
              "path": "/nix/store/4m6xhygkx74fsd5k99nihgr7vg85f553-nodejs-22.14.0-libv8"
            }
          ],
          "store_path": "/nix/store/i1v519j66jmvpqr5h382i9nanxwa5l6n-nodejs-22.14.0"
        },
        "aarch64-linux": {
          "outputs": [
            {
              "name": "out",
              "path": "/nix/store/p6183qmkyfkz5sqlv4wbw6a2nnh1r8jf-nodejs-22.14.0",
              "default": true
            },
            {
              "name": "libv8",
              "path": "/nix/store/s8407q9aa2mi2b60zk2mkjjdnv4qw87x-nodejs-22.14.0-libv8"
            }
          ],
          "store_path": "/nix/store/p6183qmkyfkz5sqlv4wbw6a2nnh1r8jf-nodejs-22.14.0"
        },
        "x86_64-darwin": {
          "outputs": [
            {
              "name": "out",
              "path": "/nix/store/mxpq0x25ayiliy6938pflhqvfc1nznkl-nodejs-22.14.0",
              "default": true
            },
            {
              "name": "libv8",
              "path": "/nix/store/sx5pbfq09qkl6bfxcljmhf5s1z049693-nodejs-22.14.0-libv8"
            }
          ],
          "store_path": "/nix/store/mxpq0x25ayiliy6938pflhqvfc1nznkl-nodejs-22.14.0"
        },
        "x86_64-linux": {
          "outputs": [
            {
              "name": "out",
              "path": "/nix/store/bmakyv5ip1wc9jk155glzdw4vnnrym04-nodejs-22.14.0",
              "default": true
            },
            {
              "name": "libv8",
              "path": "/nix/store/j4w6685rkqwwl03cc8phm8xiyb2xmbnq-nodejs-22.14.0-libv8"
            }
          ],
          "store_path": "/nix/store/bmakyv5ip1wc9jk155glzdw4vnnrym04-nodejs-22.14.0"
        }
      }
    },
    "openapi-generator-cli@7.14.0": {
      "last_modified": "2025-07-28T17:09:23Z",
      "resolved": "github:NixOS/nixpkgs/648f70160c03151bc2121d179291337ad6bc564b#openapi-generator-cli",
      "source": "devbox-search",
      "version": "7.14.0",
      "systems": {
        "aarch64-darwin": {
          "outputs": [
            {
              "name": "out",
              "path": "/nix/store/vahh24dh8p84n9ngkiajdh4vzi37vq7j-openapi-generator-cli-7.14.0",
              "default": true
            }
          ],
          "store_path": "/nix/store/vahh24dh8p84n9ngkiajdh4vzi37vq7j-openapi-generator-cli-7.14.0"
        },
        "aarch64-linux": {
          "outputs": [
            {
              "name": "out",
              "path": "/nix/store/ia6x9cbkgbf296z42l2784prl62yk8sl-openapi-generator-cli-7.14.0",
              "default": true
            }
          ],
          "store_path": "/nix/store/ia6x9cbkgbf296z42l2784prl62yk8sl-openapi-generator-cli-7.14.0"
        },
        "x86_64-darwin": {
          "outputs": [
            {
              "name": "out",
              "path": "/nix/store/1135xgxds4jqwc02ngdy6dvbmys0f8pr-openapi-generator-cli-7.14.0",
              "default": true
            }
          ],
          "store_path": "/nix/store/1135xgxds4jqwc02ngdy6dvbmys0f8pr-openapi-generator-cli-7.14.0"
        },
        "x86_64-linux": {
          "outputs": [
            {
              "name": "out",
              "path": "/nix/store/vg8hiy7hk9zm40sr06xvd9r5sd8401v4-openapi-generator-cli-7.14.0",
              "default": true
            }
          ],
          "store_path": "/nix/store/vg8hiy7hk9zm40sr06xvd9r5sd8401v4-openapi-generator-cli-7.14.0"
        }
      }
    },
    "pipx@1.7.1": {
      "last_modified": "2025-10-01T12:36:30Z",
      "resolved": "github:NixOS/nixpkgs/ee4cd98afba682ca27242f2d7fdbd8583f6ef51a#pipx",
      "source": "devbox-search",
      "version": "1.7.1",
      "systems": {
        "aarch64-darwin": {
          "outputs": [
            {
              "name": "out",
              "path": "/nix/store/hwbk8ibg7h3lbj140qvl9adhama59yh4-python3.13-pipx-1.7.1",
              "default": true
            },
            {
              "name": "dist",
              "path": "/nix/store/8q6hwycl1fbrpbyb548m7d5iws2fmkkh-python3.13-pipx-1.7.1-dist"
            }
          ],
          "store_path": "/nix/store/hwbk8ibg7h3lbj140qvl9adhama59yh4-python3.13-pipx-1.7.1"
        },
        "aarch64-linux": {
          "outputs": [
            {
              "name": "out",
              "path": "/nix/store/l380mbvp495894wygn1dkvi7z9da9cg5-python3.13-pipx-1.7.1",
              "default": true
            },
            {
              "name": "dist",
              "path": "/nix/store/fpqvqy9w1ip5bcwi1fs7h5vdmh7mi1yz-python3.13-pipx-1.7.1-dist"
            }
          ],
          "store_path": "/nix/store/l380mbvp495894wygn1dkvi7z9da9cg5-python3.13-pipx-1.7.1"
        },
        "x86_64-darwin": {
          "outputs": [
            {
              "name": "out",
              "path": "/nix/store/znw1v9zc128pkk74n5pcnivivyyzrd61-python3.13-pipx-1.7.1",
              "default": true
            },
            {
              "name": "dist",
              "path": "/nix/store/iix83d6888vbkawy00rdijz08zvh0fm7-python3.13-pipx-1.7.1-dist"
            }
          ],
          "store_path": "/nix/store/znw1v9zc128pkk74n5pcnivivyyzrd61-python3.13-pipx-1.7.1"
        },
        "x86_64-linux": {
          "outputs": [
            {
              "name": "out",
              "path": "/nix/store/inyngpn9wwnr7kiffa8n33bdwn9yq2qg-python3.13-pipx-1.7.1",
              "default": true
            },
            {
              "name": "dist",
              "path": "/nix/store/bmndm591bwp8wyfazjn618v77xgl5hvr-python3.13-pipx-1.7.1-dist"
            }
          ],
          "store_path": "/nix/store/inyngpn9wwnr7kiffa8n33bdwn9yq2qg-python3.13-pipx-1.7.1"
        }
      }
    },
    "python@3.13.3": {
      "last_modified": "2025-05-16T20:19:48Z",
      "plugin_version": "0.0.4",
      "resolved": "github:NixOS/nixpkgs/12a55407652e04dcf2309436eb06fef0d3713ef3#python313",
      "source": "devbox-search",
      "version": "3.13.3",
      "systems": {
        "aarch64-darwin": {
          "outputs": [
            {
              "name": "out",
              "path": "/nix/store/1a8xg8l3m67hxinxzzcsak9736qm9vsf-python3-3.13.3",
              "default": true
            }
          ],
          "store_path": "/nix/store/1a8xg8l3m67hxinxzzcsak9736qm9vsf-python3-3.13.3"
        },
        "aarch64-linux": {
          "outputs": [
            {
              "name": "out",
              "path": "/nix/store/yy0xvc2rydhrs0h1v8d7r3sql347xzz5-python3-3.13.3",
              "default": true
            },
            {
              "name": "debug",
              "path": "/nix/store/42bxfqfrh8cwspl7szr0cw8739xv8qlq-python3-3.13.3-debug"
            }
          ],
          "store_path": "/nix/store/yy0xvc2rydhrs0h1v8d7r3sql347xzz5-python3-3.13.3"
        },
        "x86_64-darwin": {
          "outputs": [
            {
              "name": "out",
              "path": "/nix/store/gbrigjhghz9v2p0zf9b2fnvs0g0yx7q4-python3-3.13.3",
              "default": true
            }
          ],
          "store_path": "/nix/store/gbrigjhghz9v2p0zf9b2fnvs0g0yx7q4-python3-3.13.3"
        },
        "x86_64-linux": {
          "outputs": [
            {
              "name": "out",
              "path": "/nix/store/2mab9iiwhcqwk75qwvp3zv0bvbiaq6cs-python3-3.13.3",
              "default": true
            },
            {
              "name": "debug",
              "path": "/nix/store/9z6k8ijl2md0y2n95yprbjj4vxbfsi15-python3-3.13.3-debug"
            }
          ],
          "store_path": "/nix/store/2mab9iiwhcqwk75qwvp3zv0bvbiaq6cs-python3-3.13.3"
        }
      }
    },
    "shellcheck@0.10.0": {
      "last_modified": "2025-09-18T16:33:27Z",
      "resolved": "github:NixOS/nixpkgs/f4b140d5b253f5e2a1ff4e5506edbf8267724bde#shellcheck",
      "source": "devbox-search",
      "version": "0.10.0",
      "systems": {
        "aarch64-darwin": {
          "outputs": [
            {
              "name": "bin",
              "path": "/nix/store/dxppq6y4mb663r0li716pavrahwh9sws-shellcheck-0.10.0-bin",
              "default": true
            },
            {
              "name": "man",
              "path": "/nix/store/7lpymai82rrcps6z7zl4q5j69w3pp5ng-shellcheck-0.10.0-man",
              "default": true
            },
            {
              "name": "doc",
              "path": "/nix/store/0wbb09lk7bx9ywc453a8nnw41hc8qp1i-shellcheck-0.10.0-doc",
              "default": true
            },
            {
              "name": "out",
              "path": "/nix/store/ffxba7sh87j0vg759cjm7qmcadsmbfw7-shellcheck-0.10.0"
            }
          ],
          "store_path": "/nix/store/dxppq6y4mb663r0li716pavrahwh9sws-shellcheck-0.10.0-bin"
        },
        "aarch64-linux": {
          "outputs": [
            {
              "name": "bin",
              "path": "/nix/store/kvhcnjzmjyqc641yd57f7g26nraw64sm-shellcheck-0.10.0-bin",
              "default": true
            },
            {
              "name": "man",
              "path": "/nix/store/2ps0gaalsjfvd6vh0zhq2l4d6xgrma8l-shellcheck-0.10.0-man",
              "default": true
            },
            {
              "name": "doc",
              "path": "/nix/store/vn7d2fwlkjgq6hy3c7gjcypg3slkf592-shellcheck-0.10.0-doc",
              "default": true
            },
            {
              "name": "out",
              "path": "/nix/store/dxqnpdj372kh001d84dg29l6l3aflrc0-shellcheck-0.10.0"
            }
          ],
          "store_path": "/nix/store/kvhcnjzmjyqc641yd57f7g26nraw64sm-shellcheck-0.10.0-bin"
        },
        "x86_64-darwin": {
          "outputs": [
            {
              "name": "bin",
              "path": "/nix/store/ri8byd60sb58xqf3m0bli53xflx9n4l4-shellcheck-0.10.0-bin",
              "default": true
            },
            {
              "name": "man",
              "path": "/nix/store/0an459l9ajzapm9kinqh344xnlzp70fy-shellcheck-0.10.0-man",
              "default": true
            },
            {
              "name": "doc",
              "path": "/nix/store/b1hcrb9c98w7cwqjc5wy5rrfx1gnw7lz-shellcheck-0.10.0-doc",
              "default": true
            },
            {
              "name": "out",
              "path": "/nix/store/5rfsd78v2il52xqvxmx15pp52zlds4al-shellcheck-0.10.0"
            }
          ],
          "store_path": "/nix/store/ri8byd60sb58xqf3m0bli53xflx9n4l4-shellcheck-0.10.0-bin"
        },
        "x86_64-linux": {
          "outputs": [
            {
              "name": "bin",
              "path": "/nix/store/ayfrkdpk1sygzwwjqh19gcp5sfh557zd-shellcheck-0.10.0-bin",
              "default": true
            },
            {
              "name": "man",
              "path": "/nix/store/n8asflghb73ph65f2ixvr8hv6h7v9w0g-shellcheck-0.10.0-man",
              "default": true
            },
            {
              "name": "doc",
              "path": "/nix/store/wgb75fahwjf0h5gc7ww5zcvkhbm88sps-shellcheck-0.10.0-doc",
              "default": true
            },
            {
              "name": "out",
              "path": "/nix/store/vh0ng4iyxch4lqmjmkbbjx8dw8xp569y-shellcheck-0.10.0"
            }
          ],
          "store_path": "/nix/store/ayfrkdpk1sygzwwjqh19gcp5sfh557zd-shellcheck-0.10.0-bin"
        }
      }
    },
    "shfmt@3.12.0": {
      "last_modified": "2025-10-07T08:41:47Z",
      "resolved": "github:NixOS/nixpkgs/bce5fe2bb998488d8e7e7856315f90496723793c#shfmt",
      "source": "devbox-search",
      "version": "3.12.0",
      "systems": {
        "aarch64-darwin": {
          "outputs": [
            {
              "name": "out",
              "path": "/nix/store/xh6b8ybjldzlpmavq590fmh7bm5373yc-shfmt-3.12.0",
              "default": true
            }
          ],
          "store_path": "/nix/store/xh6b8ybjldzlpmavq590fmh7bm5373yc-shfmt-3.12.0"
        },
        "aarch64-linux": {
          "outputs": [
            {
              "name": "out",
              "path": "/nix/store/3q85hxjask2fvk5azwg4g2gbiw773v1r-shfmt-3.12.0",
              "default": true
            }
          ],
          "store_path": "/nix/store/3q85hxjask2fvk5azwg4g2gbiw773v1r-shfmt-3.12.0"
        },
        "x86_64-darwin": {
          "outputs": [
            {
              "name": "out",
              "path": "/nix/store/6qzwwqi4di7cd4shdmi451mnhbq2bv1j-shfmt-3.12.0",
              "default": true
            }
          ],
          "store_path": "/nix/store/6qzwwqi4di7cd4shdmi451mnhbq2bv1j-shfmt-3.12.0"
        },
        "x86_64-linux": {
          "outputs": [
            {
              "name": "out",
              "path": "/nix/store/5sb3kw3ll26xz84dpfpk78s2fhaw8vpp-shfmt-3.12.0",
              "default": true
            }
          ],
          "store_path": "/nix/store/5sb3kw3ll26xz84dpfpk78s2fhaw8vpp-shfmt-3.12.0"
        }
      }
    },
    "uv@0.8.14": {
      "last_modified": "2025-09-18T16:33:27Z",
      "resolved": "github:NixOS/nixpkgs/f4b140d5b253f5e2a1ff4e5506edbf8267724bde#uv",
      "source": "devbox-search",
      "version": "0.8.14",
      "systems": {
        "aarch64-darwin": {
          "outputs": [
            {
              "name": "out",
              "path": "/nix/store/jvsjlmb0h8kfflmr1fjqaqvv8znp99pr-uv-0.8.14",
              "default": true
            }
          ],
          "store_path": "/nix/store/jvsjlmb0h8kfflmr1fjqaqvv8znp99pr-uv-0.8.14"
        },
        "aarch64-linux": {
          "outputs": [
            {
              "name": "out",
              "path": "/nix/store/3yyvvd9k79im73nsafnrqqadi7ln7lgd-uv-0.8.14",
              "default": true
            }
          ],
          "store_path": "/nix/store/3yyvvd9k79im73nsafnrqqadi7ln7lgd-uv-0.8.14"
        },
        "x86_64-darwin": {
          "outputs": [
            {
              "name": "out",
              "path": "/nix/store/lsl4wjgvsfvka6dm0lirlgpfks3r9937-uv-0.8.14",
              "default": true
            }
          ],
          "store_path": "/nix/store/lsl4wjgvsfvka6dm0lirlgpfks3r9937-uv-0.8.14"
        },
        "x86_64-linux": {
          "outputs": [
            {
              "name": "out",
              "path": "/nix/store/d4klvr31w9qc9qpypwaxmz6f9xy3339y-uv-0.8.14",
              "default": true
            }
          ],
          "store_path": "/nix/store/d4klvr31w9qc9qpypwaxmz6f9xy3339y-uv-0.8.14"
        }
      }
    }
  }
}
